
Microsoft Visual Studio Solution File, Format Version 12.00
# Visual Studio Version 16
VisualStudioVersion = 16.0.31005.135
MinimumVisualStudioVersion = 10.0.40219.1
Project("{FAE04EC0-301F-11D3-BF4B-00C04F79EFBC}") = "First Problem", "First Problem\First Problem.csproj", "{B0DA7BBA-1051-4446-9F99-EA02B791102E}"
EndProject
Project("{FAE04EC0-301F-11D3-BF4B-00C04F79EFBC}") = "Second Problem", "Second Problem\Second Problem.csproj", "{FA406968-BD02-4FEA-8DE8-D17C55EC42CE}"
EndProject
Project("{FAE04EC0-301F-11D3-BF4B-00C04F79EFBC}") = "Third Problem", "Third Problem\Third Problem.csproj", "{94FF97BD-6459-41CA-A481-299A1D494BE3}"
EndProject
Project("{FAE04EC0-301F-11D3-BF4B-00C04F79EFBC}") = "Fourth problem", "Fourth problem\Fourth problem.csproj", "{9FAAE3BD-FB2D-43F7-98C6-1A084D15689D}"
EndProject
Project("{FAE04EC0-301F-11D3-BF4B-00C04F79EFBC}") = "Test", "Test\Test.csproj", "{FC051033-579D-4B57-B195-E224FE548A76}"
EndProject
Project("{FAE04EC0-301F-11D3-BF4B-00C04F79EFBC}") = "Fifth problem", "Fifth problem\Fifth problem.csproj", "{DA14DAD1-60A2-4F59-8452-8C194F6A3668}"
EndProject
Project("{FAE04EC0-301F-11D3-BF4B-00C04F79EFBC}") = "Sixth problem", "Sixth problem\Sixth problem.csproj", "{5A93831B-F557-4809-BE53-3D3B7321769D}"
EndProject
Project("{FAE04EC0-301F-11D3-BF4B-00C04F79EFBC}") = "Seventh problem", "Seventh problem\Seventh problem.csproj", "{0F5097AA-8FBC-471C-A529-C1823A2E995E}"
EndProject
Global
	GlobalSection(SolutionConfigurationPlatforms) = preSolution
		Debug|Any CPU = Debug|Any CPU
		Release|Any CPU = Release|Any CPU
	EndGlobalSection
	GlobalSection(ProjectConfigurationPlatforms) = postSolution
		{B0DA7BBA-1051-4446-9F99-EA02B791102E}.Debug|Any CPU.ActiveCfg = Debug|Any CPU
		{B0DA7BBA-1051-4446-9F99-EA02B791102E}.Debug|Any CPU.Build.0 = Debug|Any CPU
		{B0DA7BBA-1051-4446-9F99-EA02B791102E}.Release|Any CPU.ActiveCfg = Release|Any CPU
		{B0DA7BBA-1051-4446-9F99-EA02B791102E}.Release|Any CPU.Build.0 = Release|Any CPU
		{FA406968-BD02-4FEA-8DE8-D17C55EC42CE}.Debug|Any CPU.ActiveCfg = Debug|Any CPU
		{FA406968-BD02-4FEA-8DE8-D17C55EC42CE}.Debug|Any CPU.Build.0 = Debug|Any CPU
		{FA406968-BD02-4FEA-8DE8-D17C55EC42CE}.Release|Any CPU.ActiveCfg = Release|Any CPU
		{FA406968-BD02-4FEA-8DE8-D17C55EC42CE}.Release|Any CPU.Build.0 = Release|Any CPU
		{94FF97BD-6459-41CA-A481-299A1D494BE3}.Debug|Any CPU.ActiveCfg = Debug|Any CPU
		{94FF97BD-6459-41CA-A481-299A1D494BE3}.Debug|Any CPU.Build.0 = Debug|Any CPU
		{94FF97BD-6459-41CA-A481-299A1D494BE3}.Release|Any CPU.ActiveCfg = Release|Any CPU
		{94FF97BD-6459-41CA-A481-299A1D494BE3}.Release|Any CPU.Build.0 = Release|Any CPU
		{9FAAE3BD-FB2D-43F7-98C6-1A084D15689D}.Debug|Any CPU.ActiveCfg = Debug|Any CPU
		{9FAAE3BD-FB2D-43F7-98C6-1A084D15689D}.Debug|Any CPU.Build.0 = Debug|Any CPU
		{9FAAE3BD-FB2D-43F7-98C6-1A084D15689D}.Release|Any CPU.ActiveCfg = Release|Any CPU
		{9FAAE3BD-FB2D-43F7-98C6-1A084D15689D}.Release|Any CPU.Build.0 = Release|Any CPU
		{FC051033-579D-4B57-B195-E224FE548A76}.Debug|Any CPU.ActiveCfg = Debug|Any CPU
		{FC051033-579D-4B57-B195-E224FE548A76}.Debug|Any CPU.Build.0 = Debug|Any CPU
		{FC051033-579D-4B57-B195-E224FE548A76}.Release|Any CPU.ActiveCfg = Release|Any CPU
		{FC051033-579D-4B57-B195-E224FE548A76}.Release|Any CPU.Build.0 = Release|Any CPU
		{DA14DAD1-60A2-4F59-8452-8C194F6A3668}.Debug|Any CPU.ActiveCfg = Debug|Any CPU
		{DA14DAD1-60A2-4F59-8452-8C194F6A3668}.Debug|Any CPU.Build.0 = Debug|Any CPU
		{DA14DAD1-60A2-4F59-8452-8C194F6A3668}.Release|Any CPU.ActiveCfg = Release|Any CPU
		{DA14DAD1-60A2-4F59-8452-8C194F6A3668}.Release|Any CPU.Build.0 = Release|Any CPU
		{5A93831B-F557-4809-BE53-3D3B7321769D}.Debug|Any CPU.ActiveCfg = Debug|Any CPU
		{5A93831B-F557-4809-BE53-3D3B7321769D}.Debug|Any CPU.Build.0 = Debug|Any CPU
		{5A93831B-F557-4809-BE53-3D3B7321769D}.Release|Any CPU.ActiveCfg = Release|Any CPU
		{5A93831B-F557-4809-BE53-3D3B7321769D}.Release|Any CPU.Build.0 = Release|Any CPU
		{0F5097AA-8FBC-471C-A529-C1823A2E995E}.Debug|Any CPU.ActiveCfg = Debug|Any CPU
		{0F5097AA-8FBC-471C-A529-C1823A2E995E}.Debug|Any CPU.Build.0 = Debug|Any CPU
		{0F5097AA-8FBC-471C-A529-C1823A2E995E}.Release|Any CPU.ActiveCfg = Release|Any CPU
		{0F5097AA-8FBC-471C-A529-C1823A2E995E}.Release|Any CPU.Build.0 = Release|Any CPU
	EndGlobalSection
	GlobalSection(SolutionProperties) = preSolution
		HideSolutionNode = FALSE
	EndGlobalSection
	GlobalSection(ExtensibilityGlobals) = postSolution
		SolutionGuid = {4DF39783-672B-4A80-9F6F-AA26BD987C30}
	EndGlobalSection
EndGlobal
